
Microsoft Visual Studio Solution File, Format Version 12.00
# Visual Studio 14
VisualStudioVersion = 14.0.23107.0
MinimumVisualStudioVersion = 10.0.40219.1
Project("{FAE04EC0-301F-11D3-BF4B-00C04F79EFBC}") = "UnitTests", "UnitTests\UnitTests.csproj", "{1C98E759-7CA0-4A53-A741-5696E77FF5EA}"
EndProject
Project("{FAE04EC0-301F-11D3-BF4B-00C04F79EFBC}") = "StarTrek_KG", "StarTrek_KG\StarTrek_KG.csproj", "{30C526F7-3E84-4EFC-ABCB-EFD4423AB236}"
EndProject
Project("{2150E333-8FDC-42A3-9474-1A3956D46DE8}") = "PublishScripts", "PublishScripts", "{33244530-E966-4B57-9A12-FC306721E7D3}"
	ProjectSection(SolutionItems) = preProject
		PublishScripts\AzureVMPublishModule.psm1 = PublishScripts\AzureVMPublishModule.psm1
		PublishScripts\Publish-WebApplicationVM.ps1 = PublishScripts\Publish-WebApplicationVM.ps1
	EndProjectSection
EndProject
Project("{2150E333-8FDC-42A3-9474-1A3956D46DE8}") = "Configurations", "Configurations", "{D0362518-09AF-4FB2-9D01-14DDF9E3E102}"
	ProjectSection(SolutionItems) = preProject
		PublishScripts\Configurations\StarTrekKGWeb-WAWS-dev-2.json = PublishScripts\Configurations\StarTrekKGWeb-WAWS-dev-2.json
		PublishScripts\Configurations\StarTrekKGWeb-WAWS-dev-3.json = PublishScripts\Configurations\StarTrekKGWeb-WAWS-dev-3.json
		PublishScripts\Configurations\StarTrekKGWeb-WAWS-dev.json = PublishScripts\Configurations\StarTrekKGWeb-WAWS-dev.json
	EndProjectSection
EndProject
Project("{FAE04EC0-301F-11D3-BF4B-00C04F79EFBC}") = "StarTrek_KG_WebCore", "StarTrek_KG_WebCore\StarTrek_KG_WebCore.csproj", "{4BAC0C20-41B5-4AFE-898A-2F74A9BADF3A}"
EndProject
Global
	GlobalSection(SolutionConfigurationPlatforms) = preSolution
		Debug|Any CPU = Debug|Any CPU
		Release|Any CPU = Release|Any CPU
	EndGlobalSection
	GlobalSection(ProjectConfigurationPlatforms) = postSolution
		{1C98E759-7CA0-4A53-A741-5696E77FF5EA}.Debug|Any CPU.ActiveCfg = Debug|Any CPU
		{1C98E759-7CA0-4A53-A741-5696E77FF5EA}.Debug|Any CPU.Build.0 = Debug|Any CPU
		{1C98E759-7CA0-4A53-A741-5696E77FF5EA}.Release|Any CPU.ActiveCfg = Release|Any CPU
		{1C98E759-7CA0-4A53-A741-5696E77FF5EA}.Release|Any CPU.Build.0 = Release|Any CPU
		{30C526F7-3E84-4EFC-ABCB-EFD4423AB236}.Debug|Any CPU.ActiveCfg = Debug|Any CPU
		{30C526F7-3E84-4EFC-ABCB-EFD4423AB236}.Debug|Any CPU.Build.0 = Debug|Any CPU
		{30C526F7-3E84-4EFC-ABCB-EFD4423AB236}.Release|Any CPU.ActiveCfg = Release|Any CPU
		{30C526F7-3E84-4EFC-ABCB-EFD4423AB236}.Release|Any CPU.Build.0 = Release|Any CPU
		{4BAC0C20-41B5-4AFE-898A-2F74A9BADF3A}.Debug|Any CPU.ActiveCfg = Debug|Any CPU
		{4BAC0C20-41B5-4AFE-898A-2F74A9BADF3A}.Debug|Any CPU.Build.0 = Debug|Any CPU
		{4BAC0C20-41B5-4AFE-898A-2F74A9BADF3A}.Release|Any CPU.ActiveCfg = Release|Any CPU
		{4BAC0C20-41B5-4AFE-898A-2F74A9BADF3A}.Release|Any CPU.Build.0 = Release|Any CPU
	EndGlobalSection
	GlobalSection(SolutionProperties) = preSolution
		HideSolutionNode = FALSE
	EndGlobalSection
	GlobalSection(NestedProjects) = preSolution
		{D0362518-09AF-4FB2-9D01-14DDF9E3E102} = {33244530-E966-4B57-9A12-FC306721E7D3}
	EndGlobalSection
EndGlobal
